
Microsoft Visual Studio Solution File, Format Version 12.00
# Visual Studio Version 17
VisualStudioVersion = 17.0.31903.59
MinimumVisualStudioVersion = 10.0.40219.1
Project("{FAE04EC0-301F-11D3-BF4B-00C04F79EFBC}") = "lab1", "lab1\lab1.csproj", "{753442C9-0AAB-46F3-9411-A9235DD58CDF}"
EndProject
Project("{FAE04EC0-301F-11D3-BF4B-00C04F79EFBC}") = "lab5v3", "lab5v3\lab5v3.csproj", "{AC72DC0E-A169-419E-B292-91414A4CC2A4}"
EndProject
Project("{FAE04EC0-301F-11D3-BF4B-00C04F79EFBC}") = "lab6v3", "lab6v3\lab6v3.csproj", "{F18250FB-9422-42F0-A4B1-031CC30304AE}"
EndProject
Project("{FAE04EC0-301F-11D3-BF4B-00C04F79EFBC}") = "lab7v3", "lab7v3\lab7v3.csproj", "{CF02B2EB-FABD-44C0-B39F-A61C48C2AEAA}"
EndProject
Project("{FAE04EC0-301F-11D3-BF4B-00C04F79EFBC}") = "lab20", "lab20\lab20.csproj", "{E2BD6A7B-435E-42FD-BB00-06DCFAC3DD1E}"
EndProject
Project("{FAE04EC0-301F-11D3-BF4B-00C04F79EFBC}") = "IndependentWork16", "IndependentWork16\IndependentWork16.csproj", "{EBA873F1-1B90-4246-AE56-1D5402924C49}"
EndProject
Project("{FAE04EC0-301F-11D3-BF4B-00C04F79EFBC}") = "lab21v3", "lab21v3\lab21v3.csproj", "{0CD73D54-67D3-4F06-8C18-8F4463BBDDDA}"
EndProject
Project("{FAE04EC0-301F-11D3-BF4B-00C04F79EFBC}") = "lab22v3", "lab22v3\lab22v3.csproj", "{22B30FF4-0127-4C0F-A8AF-A32066D07E8D}"
EndProject
Project("{FAE04EC0-301F-11D3-BF4B-00C04F79EFBC}") = "lab23v3", "lab23v3\lab23v3.csproj", "{EA11E9E4-F825-40FC-9E29-1E2650F44561}"
EndProject
Global
	GlobalSection(SolutionConfigurationPlatforms) = preSolution
		Debug|Any CPU = Debug|Any CPU
		Debug|x64 = Debug|x64
		Debug|x86 = Debug|x86
		Release|Any CPU = Release|Any CPU
		Release|x64 = Release|x64
		Release|x86 = Release|x86
	EndGlobalSection
	GlobalSection(ProjectConfigurationPlatforms) = postSolution
		{753442C9-0AAB-46F3-9411-A9235DD58CDF}.Debug|Any CPU.ActiveCfg = Debug|Any CPU
		{753442C9-0AAB-46F3-9411-A9235DD58CDF}.Debug|Any CPU.Build.0 = Debug|Any CPU
		{753442C9-0AAB-46F3-9411-A9235DD58CDF}.Debug|x64.ActiveCfg = Debug|Any CPU
		{753442C9-0AAB-46F3-9411-A9235DD58CDF}.Debug|x64.Build.0 = Debug|Any CPU
		{753442C9-0AAB-46F3-9411-A9235DD58CDF}.Debug|x86.ActiveCfg = Debug|Any CPU
		{753442C9-0AAB-46F3-9411-A9235DD58CDF}.Debug|x86.Build.0 = Debug|Any CPU
		{753442C9-0AAB-46F3-9411-A9235DD58CDF}.Release|Any CPU.ActiveCfg = Release|Any CPU
		{753442C9-0AAB-46F3-9411-A9235DD58CDF}.Release|Any CPU.Build.0 = Release|Any CPU
		{753442C9-0AAB-46F3-9411-A9235DD58CDF}.Release|x64.ActiveCfg = Release|Any CPU
		{753442C9-0AAB-46F3-9411-A9235DD58CDF}.Release|x64.Build.0 = Release|Any CPU
		{753442C9-0AAB-46F3-9411-A9235DD58CDF}.Release|x86.ActiveCfg = Release|Any CPU
		{753442C9-0AAB-46F3-9411-A9235DD58CDF}.Release|x86.Build.0 = Release|Any CPU
		{AC72DC0E-A169-419E-B292-91414A4CC2A4}.Debug|Any CPU.ActiveCfg = Debug|Any CPU
		{AC72DC0E-A169-419E-B292-91414A4CC2A4}.Debug|Any CPU.Build.0 = Debug|Any CPU
		{AC72DC0E-A169-419E-B292-91414A4CC2A4}.Debug|x64.ActiveCfg = Debug|Any CPU
		{AC72DC0E-A169-419E-B292-91414A4CC2A4}.Debug|x64.Build.0 = Debug|Any CPU
		{AC72DC0E-A169-419E-B292-91414A4CC2A4}.Debug|x86.ActiveCfg = Debug|Any CPU
		{AC72DC0E-A169-419E-B292-91414A4CC2A4}.Debug|x86.Build.0 = Debug|Any CPU
		{AC72DC0E-A169-419E-B292-91414A4CC2A4}.Release|Any CPU.ActiveCfg = Release|Any CPU
		{AC72DC0E-A169-419E-B292-91414A4CC2A4}.Release|Any CPU.Build.0 = Release|Any CPU
		{AC72DC0E-A169-419E-B292-91414A4CC2A4}.Release|x64.ActiveCfg = Release|Any CPU
		{AC72DC0E-A169-419E-B292-91414A4CC2A4}.Release|x64.Build.0 = Release|Any CPU
		{AC72DC0E-A169-419E-B292-91414A4CC2A4}.Release|x86.ActiveCfg = Release|Any CPU
		{AC72DC0E-A169-419E-B292-91414A4CC2A4}.Release|x86.Build.0 = Release|Any CPU
		{F18250FB-9422-42F0-A4B1-031CC30304AE}.Debug|Any CPU.ActiveCfg = Debug|Any CPU
		{F18250FB-9422-42F0-A4B1-031CC30304AE}.Debug|Any CPU.Build.0 = Debug|Any CPU
		{F18250FB-9422-42F0-A4B1-031CC30304AE}.Debug|x64.ActiveCfg = Debug|Any CPU
		{F18250FB-9422-42F0-A4B1-031CC30304AE}.Debug|x64.Build.0 = Debug|Any CPU
		{F18250FB-9422-42F0-A4B1-031CC30304AE}.Debug|x86.ActiveCfg = Debug|Any CPU
		{F18250FB-9422-42F0-A4B1-031CC30304AE}.Debug|x86.Build.0 = Debug|Any CPU
		{F18250FB-9422-42F0-A4B1-031CC30304AE}.Release|Any CPU.ActiveCfg = Release|Any CPU
		{F18250FB-9422-42F0-A4B1-031CC30304AE}.Release|Any CPU.Build.0 = Release|Any CPU
		{F18250FB-9422-42F0-A4B1-031CC30304AE}.Release|x64.ActiveCfg = Release|Any CPU
		{F18250FB-9422-42F0-A4B1-031CC30304AE}.Release|x64.Build.0 = Release|Any CPU
		{F18250FB-9422-42F0-A4B1-031CC30304AE}.Release|x86.ActiveCfg = Release|Any CPU
		{F18250FB-9422-42F0-A4B1-031CC30304AE}.Release|x86.Build.0 = Release|Any CPU
		{CF02B2EB-FABD-44C0-B39F-A61C48C2AEAA}.Debug|Any CPU.ActiveCfg = Debug|Any CPU
		{CF02B2EB-FABD-44C0-B39F-A61C48C2AEAA}.Debug|Any CPU.Build.0 = Debug|Any CPU
		{CF02B2EB-FABD-44C0-B39F-A61C48C2AEAA}.Debug|x64.ActiveCfg = Debug|Any CPU
		{CF02B2EB-FABD-44C0-B39F-A61C48C2AEAA}.Debug|x64.Build.0 = Debug|Any CPU
		{CF02B2EB-FABD-44C0-B39F-A61C48C2AEAA}.Debug|x86.ActiveCfg = Debug|Any CPU
		{CF02B2EB-FABD-44C0-B39F-A61C48C2AEAA}.Debug|x86.Build.0 = Debug|Any CPU
		{CF02B2EB-FABD-44C0-B39F-A61C48C2AEAA}.Release|Any CPU.ActiveCfg = Release|Any CPU
		{CF02B2EB-FABD-44C0-B39F-A61C48C2AEAA}.Release|Any CPU.Build.0 = Release|Any CPU
		{CF02B2EB-FABD-44C0-B39F-A61C48C2AEAA}.Release|x64.ActiveCfg = Release|Any CPU
		{CF02B2EB-FABD-44C0-B39F-A61C48C2AEAA}.Release|x64.Build.0 = Release|Any CPU
		{CF02B2EB-FABD-44C0-B39F-A61C48C2AEAA}.Release|x86.ActiveCfg = Release|Any CPU
		{CF02B2EB-FABD-44C0-B39F-A61C48C2AEAA}.Release|x86.Build.0 = Release|Any CPU
		{E2BD6A7B-435E-42FD-BB00-06DCFAC3DD1E}.Debug|Any CPU.ActiveCfg = Debug|Any CPU
		{E2BD6A7B-435E-42FD-BB00-06DCFAC3DD1E}.Debug|Any CPU.Build.0 = Debug|Any CPU
		{E2BD6A7B-435E-42FD-BB00-06DCFAC3DD1E}.Debug|x64.ActiveCfg = Debug|Any CPU
		{E2BD6A7B-435E-42FD-BB00-06DCFAC3DD1E}.Debug|x64.Build.0 = Debug|Any CPU
		{E2BD6A7B-435E-42FD-BB00-06DCFAC3DD1E}.Debug|x86.ActiveCfg = Debug|Any CPU
		{E2BD6A7B-435E-42FD-BB00-06DCFAC3DD1E}.Debug|x86.Build.0 = Debug|Any CPU
		{E2BD6A7B-435E-42FD-BB00-06DCFAC3DD1E}.Release|Any CPU.ActiveCfg = Release|Any CPU
		{E2BD6A7B-435E-42FD-BB00-06DCFAC3DD1E}.Release|Any CPU.Build.0 = Release|Any CPU
		{E2BD6A7B-435E-42FD-BB00-06DCFAC3DD1E}.Release|x64.ActiveCfg = Release|Any CPU
		{E2BD6A7B-435E-42FD-BB00-06DCFAC3DD1E}.Release|x64.Build.0 = Release|Any CPU
		{E2BD6A7B-435E-42FD-BB00-06DCFAC3DD1E}.Release|x86.ActiveCfg = Release|Any CPU
		{E2BD6A7B-435E-42FD-BB00-06DCFAC3DD1E}.Release|x86.Build.0 = Release|Any CPU
		{EBA873F1-1B90-4246-AE56-1D5402924C49}.Debug|Any CPU.ActiveCfg = Debug|Any CPU
		{EBA873F1-1B90-4246-AE56-1D5402924C49}.Debug|Any CPU.Build.0 = Debug|Any CPU
		{EBA873F1-1B90-4246-AE56-1D5402924C49}.Debug|x64.ActiveCfg = Debug|Any CPU
		{EBA873F1-1B90-4246-AE56-1D5402924C49}.Debug|x64.Build.0 = Debug|Any CPU
		{EBA873F1-1B90-4246-AE56-1D5402924C49}.Debug|x86.ActiveCfg = Debug|Any CPU
		{EBA873F1-1B90-4246-AE56-1D5402924C49}.Debug|x86.Build.0 = Debug|Any CPU
		{EBA873F1-1B90-4246-AE56-1D5402924C49}.Release|Any CPU.ActiveCfg = Release|Any CPU
		{EBA873F1-1B90-4246-AE56-1D5402924C49}.Release|Any CPU.Build.0 = Release|Any CPU
		{EBA873F1-1B90-4246-AE56-1D5402924C49}.Release|x64.ActiveCfg = Release|Any CPU
		{EBA873F1-1B90-4246-AE56-1D5402924C49}.Release|x64.Build.0 = Release|Any CPU
		{EBA873F1-1B90-4246-AE56-1D5402924C49}.Release|x86.ActiveCfg = Release|Any CPU
		{EBA873F1-1B90-4246-AE56-1D5402924C49}.Release|x86.Build.0 = Release|Any CPU
		{0CD73D54-67D3-4F06-8C18-8F4463BBDDDA}.Debug|Any CPU.ActiveCfg = Debug|Any CPU
		{0CD73D54-67D3-4F06-8C18-8F4463BBDDDA}.Debug|Any CPU.Build.0 = Debug|Any CPU
		{0CD73D54-67D3-4F06-8C18-8F4463BBDDDA}.Debug|x64.ActiveCfg = Debug|Any CPU
		{0CD73D54-67D3-4F06-8C18-8F4463BBDDDA}.Debug|x64.Build.0 = Debug|Any CPU
		{0CD73D54-67D3-4F06-8C18-8F4463BBDDDA}.Debug|x86.ActiveCfg = Debug|Any CPU
		{0CD73D54-67D3-4F06-8C18-8F4463BBDDDA}.Debug|x86.Build.0 = Debug|Any CPU
		{0CD73D54-67D3-4F06-8C18-8F4463BBDDDA}.Release|Any CPU.ActiveCfg = Release|Any CPU
		{0CD73D54-67D3-4F06-8C18-8F4463BBDDDA}.Release|Any CPU.Build.0 = Release|Any CPU
		{0CD73D54-67D3-4F06-8C18-8F4463BBDDDA}.Release|x64.ActiveCfg = Release|Any CPU
		{0CD73D54-67D3-4F06-8C18-8F4463BBDDDA}.Release|x64.Build.0 = Release|Any CPU
		{0CD73D54-67D3-4F06-8C18-8F4463BBDDDA}.Release|x86.ActiveCfg = Release|Any CPU
		{0CD73D54-67D3-4F06-8C18-8F4463BBDDDA}.Release|x86.Build.0 = Release|Any CPU
		{22B30FF4-0127-4C0F-A8AF-A32066D07E8D}.Debug|Any CPU.ActiveCfg = Debug|Any CPU
		{22B30FF4-0127-4C0F-A8AF-A32066D07E8D}.Debug|Any CPU.Build.0 = Debug|Any CPU
		{22B30FF4-0127-4C0F-A8AF-A32066D07E8D}.Debug|x64.ActiveCfg = Debug|Any CPU
		{22B30FF4-0127-4C0F-A8AF-A32066D07E8D}.Debug|x64.Build.0 = Debug|Any CPU
		{22B30FF4-0127-4C0F-A8AF-A32066D07E8D}.Debug|x86.ActiveCfg = Debug|Any CPU
		{22B30FF4-0127-4C0F-A8AF-A32066D07E8D}.Debug|x86.Build.0 = Debug|Any CPU
		{22B30FF4-0127-4C0F-A8AF-A32066D07E8D}.Release|Any CPU.ActiveCfg = Release|Any CPU
		{22B30FF4-0127-4C0F-A8AF-A32066D07E8D}.Release|Any CPU.Build.0 = Release|Any CPU
		{22B30FF4-0127-4C0F-A8AF-A32066D07E8D}.Release|x64.ActiveCfg = Release|Any CPU
		{22B30FF4-0127-4C0F-A8AF-A32066D07E8D}.Release|x64.Build.0 = Release|Any CPU
		{22B30FF4-0127-4C0F-A8AF-A32066D07E8D}.Release|x86.ActiveCfg = Release|Any CPU
		{22B30FF4-0127-4C0F-A8AF-A32066D07E8D}.Release|x86.Build.0 = Release|Any CPU
		{EA11E9E4-F825-40FC-9E29-1E2650F44561}.Debug|Any CPU.ActiveCfg = Debug|Any CPU
		{EA11E9E4-F825-40FC-9E29-1E2650F44561}.Debug|Any CPU.Build.0 = Debug|Any CPU
		{EA11E9E4-F825-40FC-9E29-1E2650F44561}.Debug|x64.ActiveCfg = Debug|Any CPU
		{EA11E9E4-F825-40FC-9E29-1E2650F44561}.Debug|x64.Build.0 = Debug|Any CPU
		{EA11E9E4-F825-40FC-9E29-1E2650F44561}.Debug|x86.ActiveCfg = Debug|Any CPU
		{EA11E9E4-F825-40FC-9E29-1E2650F44561}.Debug|x86.Build.0 = Debug|Any CPU
		{EA11E9E4-F825-40FC-9E29-1E2650F44561}.Release|Any CPU.ActiveCfg = Release|Any CPU
		{EA11E9E4-F825-40FC-9E29-1E2650F44561}.Release|Any CPU.Build.0 = Release|Any CPU
		{EA11E9E4-F825-40FC-9E29-1E2650F44561}.Release|x64.ActiveCfg = Release|Any CPU
		{EA11E9E4-F825-40FC-9E29-1E2650F44561}.Release|x64.Build.0 = Release|Any CPU
		{EA11E9E4-F825-40FC-9E29-1E2650F44561}.Release|x86.ActiveCfg = Release|Any CPU
		{EA11E9E4-F825-40FC-9E29-1E2650F44561}.Release|x86.Build.0 = Release|Any CPU
	EndGlobalSection
	GlobalSection(SolutionProperties) = preSolution
		HideSolutionNode = FALSE
	EndGlobalSection
EndGlobal
